
Microsoft Visual Studio Solution File, Format Version 12.00
# Visual Studio Version 16
VisualStudioVersion = 16.0.30114.105
MinimumVisualStudioVersion = 10.0.40219.1
Project("{FAE04EC0-301F-11D3-BF4B-00C04F79EFBC}") = "testApiSwagger", "testApiSwagger\testApiSwagger.csproj", "{8AD7F42F-E7BA-439E-9E87-90F190CEA349}"
EndProject
Project("{FAE04EC0-301F-11D3-BF4B-00C04F79EFBC}") = "testApiVersion", "testApiVersion\testApiVersion.csproj", "{97DB2F93-A52A-4EFD-BCB4-D00622099296}"
EndProject
Project("{FAE04EC0-301F-11D3-BF4B-00C04F79EFBC}") = "testApiVersionSwagger", "testApiVersionSwagger\testApiVersionSwagger.csproj", "{F4966C95-553E-442E-9BE9-CED945E9C45A}"
EndProject
Global
	GlobalSection(SolutionConfigurationPlatforms) = preSolution
		Debug|Any CPU = Debug|Any CPU
		Debug|x64 = Debug|x64
		Debug|x86 = Debug|x86
		Release|Any CPU = Release|Any CPU
		Release|x64 = Release|x64
		Release|x86 = Release|x86
	EndGlobalSection
	GlobalSection(SolutionProperties) = preSolution
		HideSolutionNode = FALSE
	EndGlobalSection
	GlobalSection(ProjectConfigurationPlatforms) = postSolution
		{8AD7F42F-E7BA-439E-9E87-90F190CEA349}.Debug|Any CPU.ActiveCfg = Debug|Any CPU
		{8AD7F42F-E7BA-439E-9E87-90F190CEA349}.Debug|Any CPU.Build.0 = Debug|Any CPU
		{8AD7F42F-E7BA-439E-9E87-90F190CEA349}.Debug|x64.ActiveCfg = Debug|Any CPU
		{8AD7F42F-E7BA-439E-9E87-90F190CEA349}.Debug|x64.Build.0 = Debug|Any CPU
		{8AD7F42F-E7BA-439E-9E87-90F190CEA349}.Debug|x86.ActiveCfg = Debug|Any CPU
		{8AD7F42F-E7BA-439E-9E87-90F190CEA349}.Debug|x86.Build.0 = Debug|Any CPU
		{8AD7F42F-E7BA-439E-9E87-90F190CEA349}.Release|Any CPU.ActiveCfg = Release|Any CPU
		{8AD7F42F-E7BA-439E-9E87-90F190CEA349}.Release|Any CPU.Build.0 = Release|Any CPU
		{8AD7F42F-E7BA-439E-9E87-90F190CEA349}.Release|x64.ActiveCfg = Release|Any CPU
		{8AD7F42F-E7BA-439E-9E87-90F190CEA349}.Release|x64.Build.0 = Release|Any CPU
		{8AD7F42F-E7BA-439E-9E87-90F190CEA349}.Release|x86.ActiveCfg = Release|Any CPU
		{8AD7F42F-E7BA-439E-9E87-90F190CEA349}.Release|x86.Build.0 = Release|Any CPU
		{97DB2F93-A52A-4EFD-BCB4-D00622099296}.Debug|Any CPU.ActiveCfg = Debug|Any CPU
		{97DB2F93-A52A-4EFD-BCB4-D00622099296}.Debug|Any CPU.Build.0 = Debug|Any CPU
		{97DB2F93-A52A-4EFD-BCB4-D00622099296}.Debug|x64.ActiveCfg = Debug|Any CPU
		{97DB2F93-A52A-4EFD-BCB4-D00622099296}.Debug|x64.Build.0 = Debug|Any CPU
		{97DB2F93-A52A-4EFD-BCB4-D00622099296}.Debug|x86.ActiveCfg = Debug|Any CPU
		{97DB2F93-A52A-4EFD-BCB4-D00622099296}.Debug|x86.Build.0 = Debug|Any CPU
		{97DB2F93-A52A-4EFD-BCB4-D00622099296}.Release|Any CPU.ActiveCfg = Release|Any CPU
		{97DB2F93-A52A-4EFD-BCB4-D00622099296}.Release|Any CPU.Build.0 = Release|Any CPU
		{97DB2F93-A52A-4EFD-BCB4-D00622099296}.Release|x64.ActiveCfg = Release|Any CPU
		{97DB2F93-A52A-4EFD-BCB4-D00622099296}.Release|x64.Build.0 = Release|Any CPU
		{97DB2F93-A52A-4EFD-BCB4-D00622099296}.Release|x86.ActiveCfg = Release|Any CPU
		{97DB2F93-A52A-4EFD-BCB4-D00622099296}.Release|x86.Build.0 = Release|Any CPU
		{F4966C95-553E-442E-9BE9-CED945E9C45A}.Debug|Any CPU.ActiveCfg = Debug|Any CPU
		{F4966C95-553E-442E-9BE9-CED945E9C45A}.Debug|Any CPU.Build.0 = Debug|Any CPU
		{F4966C95-553E-442E-9BE9-CED945E9C45A}.Debug|x64.ActiveCfg = Debug|Any CPU
		{F4966C95-553E-442E-9BE9-CED945E9C45A}.Debug|x64.Build.0 = Debug|Any CPU
		{F4966C95-553E-442E-9BE9-CED945E9C45A}.Debug|x86.ActiveCfg = Debug|Any CPU
		{F4966C95-553E-442E-9BE9-CED945E9C45A}.Debug|x86.Build.0 = Debug|Any CPU
		{F4966C95-553E-442E-9BE9-CED945E9C45A}.Release|Any CPU.ActiveCfg = Release|Any CPU
		{F4966C95-553E-442E-9BE9-CED945E9C45A}.Release|Any CPU.Build.0 = Release|Any CPU
		{F4966C95-553E-442E-9BE9-CED945E9C45A}.Release|x64.ActiveCfg = Release|Any CPU
		{F4966C95-553E-442E-9BE9-CED945E9C45A}.Release|x64.Build.0 = Release|Any CPU
		{F4966C95-553E-442E-9BE9-CED945E9C45A}.Release|x86.ActiveCfg = Release|Any CPU
		{F4966C95-553E-442E-9BE9-CED945E9C45A}.Release|x86.Build.0 = Release|Any CPU
	EndGlobalSection
EndGlobal
